
Microsoft Visual Studio Solution File, Format Version 11.00
# Visual C# Express 2010
Project("{FAE04EC0-301F-11D3-BF4B-00C04F79EFBC}") = "MyFormAppHelloTeamcenter", "MyFormAppHelloTeamcenter.csproj", "{5503038E-4D69-4703-9F79-90C8D9061A70}"
EndProject
Global
	GlobalSection(SolutionConfigurationPlatforms) = preSolution
		Debug|Any CPU = Debug|Any CPU
		Release|Any CPU = Release|Any CPU
	EndGlobalSection
	GlobalSection(ProjectConfigurationPlatforms) = postSolution
		{5503038E-4D69-4703-9F79-90C8D9061A70}.Debug|Any CPU.ActiveCfg = Debug|Any CPU
		{5503038E-4D69-4703-9F79-90C8D9061A70}.Debug|Any CPU.Build.0 = Debug|Any CPU
		{5503038E-4D69-4703-9F79-90C8D9061A70}.Release|Any CPU.ActiveCfg = Release|Any CPU
		{5503038E-4D69-4703-9F79-90C8D9061A70}.Release|Any CPU.Build.0 = Release|Any CPU
	EndGlobalSection
	GlobalSection(SolutionProperties) = preSolution
		HideSolutionNode = FALSE
	EndGlobalSection
EndGlobal
